
Microsoft Visual Studio Solution File, Format Version 12.00
# Visual Studio Version 16
VisualStudioVersion = 16.0.30011.22
MinimumVisualStudioVersion = 10.0.40219.1
Project("{2150E333-8FDC-42A3-9474-1A3956D46DE8}") = "src", "src", "{8D8EAE07-ACCB-4435-8CE6-BD628AA60B39}"
EndProject
Project("{9A19103F-16F7-4668-BE54-9A1E7A4F7556}") = "Vulild.Core", "src\XlSoft.Core\Vulild.Core.csproj", "{00839CDE-7777-457C-842E-0935506D6141}"
EndProject
Global
	GlobalSection(SolutionConfigurationPlatforms) = preSolution
		Debug|Any CPU = Debug|Any CPU
		Release|Any CPU = Release|Any CPU
	EndGlobalSection
	GlobalSection(ProjectConfigurationPlatforms) = postSolution
		{00839CDE-7777-457C-842E-0935506D6141}.Debug|Any CPU.ActiveCfg = Debug|Any CPU
		{00839CDE-7777-457C-842E-0935506D6141}.Debug|Any CPU.Build.0 = Debug|Any CPU
		{00839CDE-7777-457C-842E-0935506D6141}.Release|Any CPU.ActiveCfg = Release|Any CPU
		{00839CDE-7777-457C-842E-0935506D6141}.Release|Any CPU.Build.0 = Release|Any CPU
	EndGlobalSection
	GlobalSection(SolutionProperties) = preSolution
		HideSolutionNode = FALSE
	EndGlobalSection
	GlobalSection(NestedProjects) = preSolution
		{00839CDE-7777-457C-842E-0935506D6141} = {8D8EAE07-ACCB-4435-8CE6-BD628AA60B39}
	EndGlobalSection
	GlobalSection(ExtensibilityGlobals) = postSolution
		SolutionGuid = {207D9FFB-C4CB-45DC-A6BE-BC46DF9B9DAF}
	EndGlobalSection
EndGlobal
